
Microsoft Visual Studio Solution File, Format Version 12.00
# Visual Studio Version 17
VisualStudioVersion = 17.14.36811.4
MinimumVisualStudioVersion = 10.0.40219.1
Project("{2150E333-8FDC-42A3-9474-1A3956D46DE8}") = "Task0", "Task0", "{02EA681E-C7D8-13C7-8484-4AC65E1B71E8}"
EndProject
Project("{FAE04EC0-301F-11D3-BF4B-00C04F79EFBC}") = "Tyuiu.PyrkinAA.Sprint4.Task0.V16", "Tyuiu.PyrkinAA.Sprint4.Task0.V16\Tyuiu.PyrkinAA.Sprint4.Task0.V16.csproj", "{247D529C-1937-4AC9-9EE0-8E3BA6960609}"
EndProject
Project("{FAE04EC0-301F-11D3-BF4B-00C04F79EFBC}") = "Tyuiu.PyrkinAA.Sprint4.Task0.V16.Test", "Tyuiu.PyrkinAA.Sprint4.Task0.V16.Test\Tyuiu.PyrkinAA.Sprint4.Task0.V16.Test.csproj", "{C44CD5EF-9236-405C-B9A9-080E0BEEAA7D}"
EndProject
Project("{FAE04EC0-301F-11D3-BF4B-00C04F79EFBC}") = "Tyuiu.PyrkinAA.Sprint4.Task0.V16.Lib", "Tyuiu.PyrkinAA.Sprint4.Task0.V16.Lib\Tyuiu.PyrkinAA.Sprint4.Task0.V16.Lib.csproj", "{A02AE559-7BC1-4611-9E21-163F375417D5}"
EndProject
Project("{2150E333-8FDC-42A3-9474-1A3956D46DE8}") = "Task1", "Task1", "{78D2C7A8-22FE-40B9-BAEB-B7DF0C89606D}"
EndProject
Project("{FAE04EC0-301F-11D3-BF4B-00C04F79EFBC}") = "Tyuiu.PyrkinAA.Sprint4.Task1.V25", "Tyuiu.PyrkinAA.Sprint4.Task1.V25\Tyuiu.PyrkinAA.Sprint4.Task1.V25.csproj", "{D858E480-C249-4121-99A0-5E371F1A1957}"
EndProject
Project("{FAE04EC0-301F-11D3-BF4B-00C04F79EFBC}") = "Tyuiu.PyrkinAA.Sprint4.Task1.V25.Lib", "Tyuiu.PyrkinAA.Sprint4.Task1.V25.Lib\Tyuiu.PyrkinAA.Sprint4.Task1.V25.Lib.csproj", "{882F7528-1C50-422F-8A76-1C25D96D8004}"
EndProject
Project("{FAE04EC0-301F-11D3-BF4B-00C04F79EFBC}") = "Tyuiu.PyrkinAA.Sprint4.Task1.V25.Test", "Tyuiu.PyrkinAA.Sprint4.Task1.V25.Test\Tyuiu.PyrkinAA.Sprint4.Task1.V25.Test.csproj", "{A684D8A3-1349-403E-B018-42D563903B33}"
EndProject
Project("{2150E333-8FDC-42A3-9474-1A3956D46DE8}") = "Task2", "Task2", "{66FBA0AE-DCCB-4C0C-ABD5-CEA8D2D234F3}"
EndProject
Project("{FAE04EC0-301F-11D3-BF4B-00C04F79EFBC}") = "Tyuiu.PyrkinAA.Sprint4.Task2.V22", "Tyuiu.PyrkinAA.Sprint4.Task2.V22\Tyuiu.PyrkinAA.Sprint4.Task2.V22.csproj", "{22BDD927-8F29-439B-8D0C-B17BE45B97AD}"
EndProject
Project("{FAE04EC0-301F-11D3-BF4B-00C04F79EFBC}") = "Tyuiu.PyrkinAA.Sprint4.Task2.V22.Lib", "Tyuiu.PyrkinAA.Sprint4.Task2.V22.Lib\Tyuiu.PyrkinAA.Sprint4.Task2.V22.Lib.csproj", "{EA52CEF9-5B21-4A92-88FD-1E6AB2096B29}"
EndProject
Project("{FAE04EC0-301F-11D3-BF4B-00C04F79EFBC}") = "Tyuiu.PyrkinAA.Sprint4.Task2.V22.Test", "Tyuiu.PyrkinAA.Sprint4.Task2.V22.Test\Tyuiu.PyrkinAA.Sprint4.Task2.V22.Test.csproj", "{274B0FE1-5D98-41C4-AACA-D0DEFAF599EA}"
EndProject
Project("{2150E333-8FDC-42A3-9474-1A3956D46DE8}") = "Task3", "Task3", "{AA819019-1066-4F4E-8ECF-DF0089E0A34B}"
EndProject
Project("{FAE04EC0-301F-11D3-BF4B-00C04F79EFBC}") = "Tyuiu.PyrkinAA.Sprint4.Task3.V25", "Tyuiu.PyrkinAA.Sprint4.Task3.V25\Tyuiu.PyrkinAA.Sprint4.Task3.V25.csproj", "{E83AF943-5A5A-4D07-803C-A02F586AD44B}"
EndProject
Project("{FAE04EC0-301F-11D3-BF4B-00C04F79EFBC}") = "Tyuiu.PyrkinAA.Sprint4.Task3.V25.Test", "Tyuiu.PyrkinAA.Sprint4.Task3.V25.Test\Tyuiu.PyrkinAA.Sprint4.Task3.V25.Test.csproj", "{2BE9CD79-3123-45E4-B2D8-5114CC4C6084}"
EndProject
Project("{FAE04EC0-301F-11D3-BF4B-00C04F79EFBC}") = "Tyuiu.PyrkinAA.Sprint4.Task3.V25.Lib", "Tyuiu.PyrkinAA.Sprint4.Task3.V25.Lib\Tyuiu.PyrkinAA.Sprint4.Task3.V25.Lib.csproj", "{F6FDDBC5-AEDD-4A45-ACA2-0C0C89CE6465}"
EndProject
Project("{2150E333-8FDC-42A3-9474-1A3956D46DE8}") = "Task4", "Task4", "{E635EFD7-41B8-46EA-AD92-C5DCB6FA86D4}"
EndProject
Project("{FAE04EC0-301F-11D3-BF4B-00C04F79EFBC}") = "Tyuiu.PyrkinAA.Sprint4.Task4.V23", "Tyuiu.PyrkinAA.Sprint4.Task4.V23\Tyuiu.PyrkinAA.Sprint4.Task4.V23.csproj", "{05762E81-A018-4620-8C81-3FD397D495DA}"
EndProject
Project("{FAE04EC0-301F-11D3-BF4B-00C04F79EFBC}") = "Tyuiu.PyrkinAA.Sprint4.Task4.V23.Lib", "Tyuiu.PyrkinAA.Sprint4.Task4.V23.Lib\Tyuiu.PyrkinAA.Sprint4.Task4.V23.Lib.csproj", "{5C69EBBE-8ED7-49CC-AD65-A9637936D3A5}"
EndProject
Project("{FAE04EC0-301F-11D3-BF4B-00C04F79EFBC}") = "Tyuiu.PyrkinAA.Sprint4.Task4.V23.Test", "Tyuiu.PyrkinAA.Sprint4.Task4.V23.Test\Tyuiu.PyrkinAA.Sprint4.Task4.V23.Test.csproj", "{B5D022C9-D9F7-41A0-BF22-809AF93941A2}"
EndProject
Project("{2150E333-8FDC-42A3-9474-1A3956D46DE8}") = "Task5", "Task5", "{9CD6FE61-ED7E-4341-B7C5-445A7218FDEC}"
EndProject
Project("{FAE04EC0-301F-11D3-BF4B-00C04F79EFBC}") = "Tyuiu.PyrkinAA.Sprint4.Task5.V15", "Tyuiu.PyrkinAA.Sprint4.Task5.V15\Tyuiu.PyrkinAA.Sprint4.Task5.V15.csproj", "{B108815F-854D-4436-B733-95CA03C4E8DD}"
EndProject
Project("{FAE04EC0-301F-11D3-BF4B-00C04F79EFBC}") = "Tyuiu.PyrkinAA.Sprint4.Task5.V15.Lib", "Tyuiu.PyrkinAA.Sprint4.Task5.V15.Lib\Tyuiu.PyrkinAA.Sprint4.Task5.V15.Lib.csproj", "{435695E8-EDF8-43B6-AE19-5C26697D1054}"
EndProject
Project("{FAE04EC0-301F-11D3-BF4B-00C04F79EFBC}") = "Tyuiu.PyrkinAA.Sprint4.Task5.V15.Test", "Tyuiu.PyrkinAA.Sprint4.Task5.V15.Test\Tyuiu.PyrkinAA.Sprint4.Task5.V15.Test.csproj", "{197F08AF-1824-4643-85B1-7839F22DF59D}"
EndProject
Project("{2150E333-8FDC-42A3-9474-1A3956D46DE8}") = "Task6", "Task6", "{80503335-CFEA-464B-98EF-7E1005469826}"
EndProject
Project("{FAE04EC0-301F-11D3-BF4B-00C04F79EFBC}") = "Tyuiu.PyrkinAA.Sprint4.Task6.V12", "Tyuiu.PyrkinAA.Sprint4.Task6.V12\Tyuiu.PyrkinAA.Sprint4.Task6.V12.csproj", "{5027FDA0-E334-4C13-9301-6BD88F4AB1CB}"
EndProject
Project("{FAE04EC0-301F-11D3-BF4B-00C04F79EFBC}") = "Tyuiu.PyrkinAA.Sprint4.Task6.V12.Lib", "Tyuiu.PyrkinAA.Sprint4.Task6.V12.Lib\Tyuiu.PyrkinAA.Sprint4.Task6.V12.Lib.csproj", "{9F9054B7-2176-4715-AD52-E8433E20DA5E}"
EndProject
Project("{FAE04EC0-301F-11D3-BF4B-00C04F79EFBC}") = "Tyuiu.PyrkinAA.Sprint4.Task6.V12.Test", "Tyuiu.PyrkinAA.Sprint4.Task6.V12.Test\Tyuiu.PyrkinAA.Sprint4.Task6.V12.Test.csproj", "{01BECAAB-D67F-4FC3-B158-53F1F9BA3F2D}"
EndProject
Global
	GlobalSection(SolutionConfigurationPlatforms) = preSolution
		Debug|Any CPU = Debug|Any CPU
		Release|Any CPU = Release|Any CPU
	EndGlobalSection
	GlobalSection(ProjectConfigurationPlatforms) = postSolution
		{247D529C-1937-4AC9-9EE0-8E3BA6960609}.Debug|Any CPU.ActiveCfg = Debug|Any CPU
		{247D529C-1937-4AC9-9EE0-8E3BA6960609}.Debug|Any CPU.Build.0 = Debug|Any CPU
		{247D529C-1937-4AC9-9EE0-8E3BA6960609}.Release|Any CPU.ActiveCfg = Release|Any CPU
		{247D529C-1937-4AC9-9EE0-8E3BA6960609}.Release|Any CPU.Build.0 = Release|Any CPU
		{C44CD5EF-9236-405C-B9A9-080E0BEEAA7D}.Debug|Any CPU.ActiveCfg = Debug|Any CPU
		{C44CD5EF-9236-405C-B9A9-080E0BEEAA7D}.Debug|Any CPU.Build.0 = Debug|Any CPU
		{C44CD5EF-9236-405C-B9A9-080E0BEEAA7D}.Release|Any CPU.ActiveCfg = Release|Any CPU
		{C44CD5EF-9236-405C-B9A9-080E0BEEAA7D}.Release|Any CPU.Build.0 = Release|Any CPU
		{A02AE559-7BC1-4611-9E21-163F375417D5}.Debug|Any CPU.ActiveCfg = Debug|Any CPU
		{A02AE559-7BC1-4611-9E21-163F375417D5}.Debug|Any CPU.Build.0 = Debug|Any CPU
		{A02AE559-7BC1-4611-9E21-163F375417D5}.Release|Any CPU.ActiveCfg = Release|Any CPU
		{A02AE559-7BC1-4611-9E21-163F375417D5}.Release|Any CPU.Build.0 = Release|Any CPU
		{D858E480-C249-4121-99A0-5E371F1A1957}.Debug|Any CPU.ActiveCfg = Debug|Any CPU
		{D858E480-C249-4121-99A0-5E371F1A1957}.Debug|Any CPU.Build.0 = Debug|Any CPU
		{D858E480-C249-4121-99A0-5E371F1A1957}.Release|Any CPU.ActiveCfg = Release|Any CPU
		{D858E480-C249-4121-99A0-5E371F1A1957}.Release|Any CPU.Build.0 = Release|Any CPU
		{882F7528-1C50-422F-8A76-1C25D96D8004}.Debug|Any CPU.ActiveCfg = Debug|Any CPU
		{882F7528-1C50-422F-8A76-1C25D96D8004}.Debug|Any CPU.Build.0 = Debug|Any CPU
		{882F7528-1C50-422F-8A76-1C25D96D8004}.Release|Any CPU.ActiveCfg = Release|Any CPU
		{882F7528-1C50-422F-8A76-1C25D96D8004}.Release|Any CPU.Build.0 = Release|Any CPU
		{A684D8A3-1349-403E-B018-42D563903B33}.Debug|Any CPU.ActiveCfg = Debug|Any CPU
		{A684D8A3-1349-403E-B018-42D563903B33}.Debug|Any CPU.Build.0 = Debug|Any CPU
		{A684D8A3-1349-403E-B018-42D563903B33}.Release|Any CPU.ActiveCfg = Release|Any CPU
		{A684D8A3-1349-403E-B018-42D563903B33}.Release|Any CPU.Build.0 = Release|Any CPU
		{22BDD927-8F29-439B-8D0C-B17BE45B97AD}.Debug|Any CPU.ActiveCfg = Debug|Any CPU
		{22BDD927-8F29-439B-8D0C-B17BE45B97AD}.Debug|Any CPU.Build.0 = Debug|Any CPU
		{22BDD927-8F29-439B-8D0C-B17BE45B97AD}.Release|Any CPU.ActiveCfg = Release|Any CPU
		{22BDD927-8F29-439B-8D0C-B17BE45B97AD}.Release|Any CPU.Build.0 = Release|Any CPU
		{EA52CEF9-5B21-4A92-88FD-1E6AB2096B29}.Debug|Any CPU.ActiveCfg = Debug|Any CPU
		{EA52CEF9-5B21-4A92-88FD-1E6AB2096B29}.Debug|Any CPU.Build.0 = Debug|Any CPU
		{EA52CEF9-5B21-4A92-88FD-1E6AB2096B29}.Release|Any CPU.ActiveCfg = Release|Any CPU
		{EA52CEF9-5B21-4A92-88FD-1E6AB2096B29}.Release|Any CPU.Build.0 = Release|Any CPU
		{274B0FE1-5D98-41C4-AACA-D0DEFAF599EA}.Debug|Any CPU.ActiveCfg = Debug|Any CPU
		{274B0FE1-5D98-41C4-AACA-D0DEFAF599EA}.Debug|Any CPU.Build.0 = Debug|Any CPU
		{274B0FE1-5D98-41C4-AACA-D0DEFAF599EA}.Release|Any CPU.ActiveCfg = Release|Any CPU
		{274B0FE1-5D98-41C4-AACA-D0DEFAF599EA}.Release|Any CPU.Build.0 = Release|Any CPU
		{E83AF943-5A5A-4D07-803C-A02F586AD44B}.Debug|Any CPU.ActiveCfg = Debug|Any CPU
		{E83AF943-5A5A-4D07-803C-A02F586AD44B}.Debug|Any CPU.Build.0 = Debug|Any CPU
		{E83AF943-5A5A-4D07-803C-A02F586AD44B}.Release|Any CPU.ActiveCfg = Release|Any CPU
		{E83AF943-5A5A-4D07-803C-A02F586AD44B}.Release|Any CPU.Build.0 = Release|Any CPU
		{2BE9CD79-3123-45E4-B2D8-5114CC4C6084}.Debug|Any CPU.ActiveCfg = Debug|Any CPU
		{2BE9CD79-3123-45E4-B2D8-5114CC4C6084}.Debug|Any CPU.Build.0 = Debug|Any CPU
		{2BE9CD79-3123-45E4-B2D8-5114CC4C6084}.Release|Any CPU.ActiveCfg = Release|Any CPU
		{2BE9CD79-3123-45E4-B2D8-5114CC4C6084}.Release|Any CPU.Build.0 = Release|Any CPU
		{F6FDDBC5-AEDD-4A45-ACA2-0C0C89CE6465}.Debug|Any CPU.ActiveCfg = Debug|Any CPU
		{F6FDDBC5-AEDD-4A45-ACA2-0C0C89CE6465}.Debug|Any CPU.Build.0 = Debug|Any CPU
		{F6FDDBC5-AEDD-4A45-ACA2-0C0C89CE6465}.Release|Any CPU.ActiveCfg = Release|Any CPU
		{F6FDDBC5-AEDD-4A45-ACA2-0C0C89CE6465}.Release|Any CPU.Build.0 = Release|Any CPU
		{05762E81-A018-4620-8C81-3FD397D495DA}.Debug|Any CPU.ActiveCfg = Debug|Any CPU
		{05762E81-A018-4620-8C81-3FD397D495DA}.Debug|Any CPU.Build.0 = Debug|Any CPU
		{05762E81-A018-4620-8C81-3FD397D495DA}.Release|Any CPU.ActiveCfg = Release|Any CPU
		{05762E81-A018-4620-8C81-3FD397D495DA}.Release|Any CPU.Build.0 = Release|Any CPU
		{5C69EBBE-8ED7-49CC-AD65-A9637936D3A5}.Debug|Any CPU.ActiveCfg = Debug|Any CPU
		{5C69EBBE-8ED7-49CC-AD65-A9637936D3A5}.Debug|Any CPU.Build.0 = Debug|Any CPU
		{5C69EBBE-8ED7-49CC-AD65-A9637936D3A5}.Release|Any CPU.ActiveCfg = Release|Any CPU
		{5C69EBBE-8ED7-49CC-AD65-A9637936D3A5}.Release|Any CPU.Build.0 = Release|Any CPU
		{B5D022C9-D9F7-41A0-BF22-809AF93941A2}.Debug|Any CPU.ActiveCfg = Debug|Any CPU
		{B5D022C9-D9F7-41A0-BF22-809AF93941A2}.Debug|Any CPU.Build.0 = Debug|Any CPU
		{B5D022C9-D9F7-41A0-BF22-809AF93941A2}.Release|Any CPU.ActiveCfg = Release|Any CPU
		{B5D022C9-D9F7-41A0-BF22-809AF93941A2}.Release|Any CPU.Build.0 = Release|Any CPU
		{B108815F-854D-4436-B733-95CA03C4E8DD}.Debug|Any CPU.ActiveCfg = Debug|Any CPU
		{B108815F-854D-4436-B733-95CA03C4E8DD}.Debug|Any CPU.Build.0 = Debug|Any CPU
		{B108815F-854D-4436-B733-95CA03C4E8DD}.Release|Any CPU.ActiveCfg = Release|Any CPU
		{B108815F-854D-4436-B733-95CA03C4E8DD}.Release|Any CPU.Build.0 = Release|Any CPU
		{435695E8-EDF8-43B6-AE19-5C26697D1054}.Debug|Any CPU.ActiveCfg = Debug|Any CPU
		{435695E8-EDF8-43B6-AE19-5C26697D1054}.Debug|Any CPU.Build.0 = Debug|Any CPU
		{435695E8-EDF8-43B6-AE19-5C26697D1054}.Release|Any CPU.ActiveCfg = Release|Any CPU
		{435695E8-EDF8-43B6-AE19-5C26697D1054}.Release|Any CPU.Build.0 = Release|Any CPU
		{197F08AF-1824-4643-85B1-7839F22DF59D}.Debug|Any CPU.ActiveCfg = Debug|Any CPU
		{197F08AF-1824-4643-85B1-7839F22DF59D}.Debug|Any CPU.Build.0 = Debug|Any CPU
		{197F08AF-1824-4643-85B1-7839F22DF59D}.Release|Any CPU.ActiveCfg = Release|Any CPU
		{197F08AF-1824-4643-85B1-7839F22DF59D}.Release|Any CPU.Build.0 = Release|Any CPU
		{5027FDA0-E334-4C13-9301-6BD88F4AB1CB}.Debug|Any CPU.ActiveCfg = Debug|Any CPU
		{5027FDA0-E334-4C13-9301-6BD88F4AB1CB}.Debug|Any CPU.Build.0 = Debug|Any CPU
		{5027FDA0-E334-4C13-9301-6BD88F4AB1CB}.Release|Any CPU.ActiveCfg = Release|Any CPU
		{5027FDA0-E334-4C13-9301-6BD88F4AB1CB}.Release|Any CPU.Build.0 = Release|Any CPU
		{9F9054B7-2176-4715-AD52-E8433E20DA5E}.Debug|Any CPU.ActiveCfg = Debug|Any CPU
		{9F9054B7-2176-4715-AD52-E8433E20DA5E}.Debug|Any CPU.Build.0 = Debug|Any CPU
		{9F9054B7-2176-4715-AD52-E8433E20DA5E}.Release|Any CPU.ActiveCfg = Release|Any CPU
		{9F9054B7-2176-4715-AD52-E8433E20DA5E}.Release|Any CPU.Build.0 = Release|Any CPU
		{01BECAAB-D67F-4FC3-B158-53F1F9BA3F2D}.Debug|Any CPU.ActiveCfg = Debug|Any CPU
		{01BECAAB-D67F-4FC3-B158-53F1F9BA3F2D}.Debug|Any CPU.Build.0 = Debug|Any CPU
		{01BECAAB-D67F-4FC3-B158-53F1F9BA3F2D}.Release|Any CPU.ActiveCfg = Release|Any CPU
		{01BECAAB-D67F-4FC3-B158-53F1F9BA3F2D}.Release|Any CPU.Build.0 = Release|Any CPU
	EndGlobalSection
	GlobalSection(SolutionProperties) = preSolution
		HideSolutionNode = FALSE
	EndGlobalSection
	GlobalSection(NestedProjects) = preSolution
		{247D529C-1937-4AC9-9EE0-8E3BA6960609} = {02EA681E-C7D8-13C7-8484-4AC65E1B71E8}
		{C44CD5EF-9236-405C-B9A9-080E0BEEAA7D} = {02EA681E-C7D8-13C7-8484-4AC65E1B71E8}
		{A02AE559-7BC1-4611-9E21-163F375417D5} = {02EA681E-C7D8-13C7-8484-4AC65E1B71E8}
		{D858E480-C249-4121-99A0-5E371F1A1957} = {78D2C7A8-22FE-40B9-BAEB-B7DF0C89606D}
		{882F7528-1C50-422F-8A76-1C25D96D8004} = {78D2C7A8-22FE-40B9-BAEB-B7DF0C89606D}
		{A684D8A3-1349-403E-B018-42D563903B33} = {78D2C7A8-22FE-40B9-BAEB-B7DF0C89606D}
		{22BDD927-8F29-439B-8D0C-B17BE45B97AD} = {66FBA0AE-DCCB-4C0C-ABD5-CEA8D2D234F3}
		{EA52CEF9-5B21-4A92-88FD-1E6AB2096B29} = {66FBA0AE-DCCB-4C0C-ABD5-CEA8D2D234F3}
		{274B0FE1-5D98-41C4-AACA-D0DEFAF599EA} = {66FBA0AE-DCCB-4C0C-ABD5-CEA8D2D234F3}
		{E83AF943-5A5A-4D07-803C-A02F586AD44B} = {AA819019-1066-4F4E-8ECF-DF0089E0A34B}
		{2BE9CD79-3123-45E4-B2D8-5114CC4C6084} = {AA819019-1066-4F4E-8ECF-DF0089E0A34B}
		{F6FDDBC5-AEDD-4A45-ACA2-0C0C89CE6465} = {AA819019-1066-4F4E-8ECF-DF0089E0A34B}
		{05762E81-A018-4620-8C81-3FD397D495DA} = {E635EFD7-41B8-46EA-AD92-C5DCB6FA86D4}
		{5C69EBBE-8ED7-49CC-AD65-A9637936D3A5} = {E635EFD7-41B8-46EA-AD92-C5DCB6FA86D4}
		{B5D022C9-D9F7-41A0-BF22-809AF93941A2} = {E635EFD7-41B8-46EA-AD92-C5DCB6FA86D4}
		{B108815F-854D-4436-B733-95CA03C4E8DD} = {9CD6FE61-ED7E-4341-B7C5-445A7218FDEC}
		{435695E8-EDF8-43B6-AE19-5C26697D1054} = {9CD6FE61-ED7E-4341-B7C5-445A7218FDEC}
		{197F08AF-1824-4643-85B1-7839F22DF59D} = {9CD6FE61-ED7E-4341-B7C5-445A7218FDEC}
		{5027FDA0-E334-4C13-9301-6BD88F4AB1CB} = {80503335-CFEA-464B-98EF-7E1005469826}
		{9F9054B7-2176-4715-AD52-E8433E20DA5E} = {80503335-CFEA-464B-98EF-7E1005469826}
		{01BECAAB-D67F-4FC3-B158-53F1F9BA3F2D} = {80503335-CFEA-464B-98EF-7E1005469826}
	EndGlobalSection
	GlobalSection(ExtensibilityGlobals) = postSolution
		SolutionGuid = {21E8D0E1-063E-4F89-828D-2D44A898CCCE}
	EndGlobalSection
EndGlobal
